
Microsoft Visual Studio Solution File, Format Version 12.00
# Visual Studio Version 16
VisualStudioVersion = 16.0.30503.244
MinimumVisualStudioVersion = 10.0.40219.1
Project("{888888A0-9F3D-457C-B088-3A5042F75D52}") = "HandheldHalting", "HandheldHalting.pyproj", "{9EC0CFBA-6CB7-4C87-B545-C3E2F289FAC0}"
EndProject
Global
	GlobalSection(SolutionConfigurationPlatforms) = preSolution
		Debug|Any CPU = Debug|Any CPU
		Release|Any CPU = Release|Any CPU
	EndGlobalSection
	GlobalSection(ProjectConfigurationPlatforms) = postSolution
		{9EC0CFBA-6CB7-4C87-B545-C3E2F289FAC0}.Debug|Any CPU.ActiveCfg = Debug|Any CPU
		{9EC0CFBA-6CB7-4C87-B545-C3E2F289FAC0}.Release|Any CPU.ActiveCfg = Release|Any CPU
	EndGlobalSection
	GlobalSection(SolutionProperties) = preSolution
		HideSolutionNode = FALSE
	EndGlobalSection
	GlobalSection(ExtensibilityGlobals) = postSolution
		SolutionGuid = {282F733E-8E0E-4322-994D-A6F63AAEBC01}
	EndGlobalSection
EndGlobal
